PODS:
  - agora_rtc_engine (4.0.7):
    - AgoraRtcEngine_iOS (= 3.5.0.3)
    - Flutter
  - AgoraRtcEngine_iOS (3.5.0.3)
  - Flutter (1.0.0)
  - "permission_handler (5.1.0+2)":
    - Flutter

DEPENDENCIES:
  - agora_rtc_engine (from `.symlinks/plugins/agora_rtc_engine/ios`)
  - Flutter (from `Flutter`)
  - permission_handler (from `.symlinks/plugins/permission_handler/ios`)

SPEC REPOS:
  trunk:
    - AgoraRtcEngine_iOS

EXTERNAL SOURCES:
  agora_rtc_engine:
    :path: ".symlinks/plugins/agora_rtc_engine/ios"
  Flutter:
    :path: Flutter
  permission_handler:
    :path: ".symlinks/plugins/permission_handler/ios"

SPEC CHECKSUMS:
  agora_rtc_engine: 0820b82b3a71a8fcaf8b27c000622e671349f0ba
  AgoraRtcEngine_iOS: ff8e085161ea98c917173783a899882f884dd9ef
  Flutter: 50d75fe2f02b26cc09d224853bb45737f8b3214a
  permission_handler: f1671c1163f814f99824ae20daeaafdd280fe9ae

PODFILE CHECKSUM: e68317050d386c2cc98d8d86c06ace3163beb02e

COCOAPODS: 1.11.2
